<Solution>
  <Folder Name="/Basics/">
    <Project Path="Basics/04_TempConverter/04_TempConverter.csproj" />
    <Project Path="Basics/05_CircleArea/05_CircleArea.csproj" />
    <Project Path="Basics/06_CurrencyConverter/06_CurrencyConverter.csproj" />
    <Project Path="Basics/07_VariableSwap/07_VariableSwap.csproj" />
    <Project Path="Basics/08_SecondsToTime/08_SecondsToTime.csproj" />
    <Project Path="Basics/09_PriceDiscount/09_PriceDiscount.csproj" />
    <Project Path="Basics/10_SimpleInterest/10_SimpleInterest.csproj" />
    <Project Path="Basics/Ex01_HelloWorld/01_HelloWorld.csproj" />
    <Project Path="Basics/Ex02_Variables/02_SimpleCalculator.csproj" />
    <Project Path="Basics/Ex03_DataTypes/03_AverageGrade.csproj" />
  </Folder>
  <Folder Name="/Collections/">
    <Project Path="Collections/01_IntegerArray/01_IntegerArray.csproj" />
    <Project Path="Collections/02_NameList/02_NameList.csproj" />
    <Project Path="Collections/03_FindValue/03_FindValue.csproj" />
    <Project Path="Collections/04_EvenNumbersList/04_EvenNumbersList.csproj" />
    <Project Path="Collections/05_Phonebook/05_Phonebook.csproj" />
    <Project Path="Collections/06_BankQueue/06_BankQueue.csproj" />
    <Project Path="Collections/07_UndoStack/07_UndoStack.csproj" />
    <Project Path="Collections/08_MinMaxList/08_MinMaxList.csproj" />
    <Project Path="Collections/09_UniqueValues/09_UniqueValues.csproj" />
    <Project Path="Collections/10_AverageList/10_AverageList.csproj" />
  </Folder>
  <Folder Name="/ControlFlow/">
    <Project Path="ControlFlow/04_LargestOfThree/04_LargestOfThree.csproj" />
    <Project Path="ControlFlow/05_GradeCategory/05_GradeCategory.csproj" />
    <Project Path="ControlFlow/06_LoginSystem/06_LoginSystem.csproj" />
    <Project Path="ControlFlow/07_Factorial/07_Factorial.csproj" />
    <Project Path="ControlFlow/08_PrimeNumber/08_PrimeNumber.csproj" />
    <Project Path="ControlFlow/09_Countdown/09_Countdown.csproj" />
    <Project Path="ControlFlow/10_NumberGuessing/10_NumberGuessing.csproj" />
    <Project Path="ControlFlow/Ex01_IfElse/01_OddOrEven.csproj" />
    <Project Path="ControlFlow/Ex02_Switch/02_VotingEligibility.csproj" />
    <Project Path="ControlFlow/Ex03_Loops/03_MultiplicationTable.csproj" />
  </Folder>
  <Folder Name="/Platforms/" />
  <Folder Name="/Platforms/Beecrowd/">
    <Project Path="Platforms/Beecrowd/1067/Beecrowd_1067.csproj" />
    <Project Path="Platforms/Beecrowd/1071/Beecrowd_1071.csproj" />
    <Project Path="Platforms/Beecrowd/1072/Beecrowd_1072.csproj" />
    <Project Path="Platforms/Beecrowd/1073/Beecrowd_1073.csproj" />
    <Project Path="Platforms/Beecrowd/1074/Beecrowd_1074.csproj" />
    <Project Path="Platforms/Beecrowd/1075/Beecrowd_1075.csproj" />
    <Project Path="Platforms/Beecrowd/1079/Beecrowd_1079.csproj" />
    <Project Path="Platforms/Beecrowd/1080/Beecrowd_1080.csproj" />
    <Project Path="Platforms/Beecrowd/1101/Beecrowd_1101.csproj" />
    <Project Path="Platforms/Beecrowd/1116/Beecrowd_1116.csproj" />
    <Project Path="Platforms/Beecrowd/1132/Beecrowd_1132.csproj" />
    <Project Path="Platforms/Beecrowd/1133/Beecrowd_1133.csproj" />
    <Project Path="Platforms/Beecrowd/1142/Beecrowd_1142.csproj" />
    <Project Path="Platforms/Beecrowd/1143/Beecrowd_1143.csproj" />
    <Project Path="Platforms/Beecrowd/1144/Beecrowd_1144.csproj" />
    <Project Path="Platforms/Beecrowd/1145/Beecrowd_1145.csproj" />
    <Project Path="Platforms/Beecrowd/1149/Beecrowd_1149.csproj" />
    <Project Path="Platforms/Beecrowd/1150/Beecrowd_1150.csproj" />
    <Project Path="Platforms/Beecrowd/1151/Beecrowd_1151.csproj" />
    <Project Path="Platforms/Beecrowd/1153/Beecrowd_1153.csproj" />
    <Project Path="Platforms/Beecrowd/1155/Beecrowd_1155.csproj" />
    <Project Path="Platforms/Beecrowd/1156/Beecrowd_1156.csproj" />
    <Project Path="Platforms/Beecrowd/1157/Beecrowd_1157.csproj" />
    <Project Path="Platforms/Beecrowd/1158/Beecrowd_1158.csproj" />
    <Project Path="Platforms/Beecrowd/1160/Beecrowd_1160.csproj" />
    <Project Path="Platforms/Beecrowd/1165/Beecrowd_1165.csproj" />
  </Folder>
</Solution>
